version: 7
platforms:
- name: linux-64
environments:
  default:
    channels:
    - url: https://conda.anaconda.org/conda-forge/
    packages:
      linux-64:
      - conda: https://conda.anaconda.org/conda-forge/linux-64/_openmp_mutex-4.5-20_gnu.conda
      - conda: https://conda.anaconda.org/conda-forge/linux-64/bzip2-1.0.8-hda65f42_9.conda
      - conda: https://conda.anaconda.org/conda-forge/linux-64/ld_impl_linux-64-2.45.1-default_hbd61a6d_102.conda
      - conda: https://conda.anaconda.org/conda-forge/linux-64/libexpat-2.8.1-hecca717_1.conda
      - conda: https://conda.anaconda.org/conda-forge/linux-64/libffi-3.5.2-h3435931_0.conda
      - conda: https://conda.anaconda.org/conda-forge/linux-64/libgcc-15.2.0-he0feb66_19.conda
      - conda: https://conda.anaconda.org/conda-forge/linux-64/libgcc-ng-15.2.0-h69a702a_19.conda
      - conda: https://conda.anaconda.org/conda-forge/linux-64/libgomp-15.2.0-he0feb66_19.conda
      - conda: https://conda.anaconda.org/conda-forge/linux-64/liblzma-5.8.3-hb03c661_0.conda
      - conda: https://conda.anaconda.org/conda-forge/linux-64/libnsl-2.0.1-hb9d3cd8_1.conda
      - conda: https://conda.anaconda.org/conda-forge/linux-64/libsqlite-3.53.2-h0c1763c_0.conda
      - conda: https://conda.anaconda.org/conda-forge/linux-64/libuuid-2.42.2-h5347b49_0.conda
      - conda: https://conda.anaconda.org/conda-forge/linux-64/libxcrypt-4.4.36-hd590300_1.conda
      - conda: https://conda.anaconda.org/conda-forge/linux-64/libzlib-1.3.2-h25fd6f3_2.conda
      - conda: https://conda.anaconda.org/conda-forge/linux-64/ncurses-6.6-hdb14827_0.conda
      - conda: https://conda.anaconda.org/conda-forge/linux-64/openssl-3.6.3-h35e630c_0.conda
      - conda: https://conda.anaconda.org/conda-forge/linux-64/python-3.10.20-h267e890_1_cpython.conda
      - conda: https://conda.anaconda.org/conda-forge/linux-64/readline-8.3-h853b02a_0.conda
      - conda: https://conda.anaconda.org/conda-forge/linux-64/tk-8.6.13-noxft_h366c992_103.conda
      - conda: https://conda.anaconda.org/conda-forge/linux-64/zstd-1.5.7-hb78ec9c_6.conda
      - conda: https://conda.anaconda.org/conda-forge/noarch/ca-certificates-2026.6.17-hbd8a1cb_0.conda
      - conda: https://conda.anaconda.org/conda-forge/noarch/packaging-26.2-pyhc364b38_0.conda
      - conda: https://conda.anaconda.org/conda-forge/noarch/pip-26.1.2-pyh8b19718_0.conda
      - conda: https://conda.anaconda.org/conda-forge/noarch/setuptools-82.0.1-pyh332efcf_0.conda
      - conda: https://conda.anaconda.org/conda-forge/noarch/tzdata-2025c-hc9c84f9_1.conda
      - conda: https://conda.anaconda.org/conda-forge/noarch/wheel-0.47.0-pyhd8ed1ab_0.conda
packages:
- conda: https://conda.anaconda.org/conda-forge/linux-64/_openmp_mutex-4.5-20_gnu.conda
  build_number: 20
  sha256: 1dd3fffd892081df9726d7eb7e0dea6198962ba775bd88842135a4ddb4deb3c9
  md5: a9f577daf3de00bca7c3c76c0ecbd1de
  depends:
  - __glibc >=2.17,<3.0.a0
  - libgomp >=7.5.0
  constrains:
  - openmp_impl <0.0a0
  license: BSD-3-Clause
  license_family: BSD
  run_exports:
    strong:
    - _openmp_mutex >=4.5
  size: 28948
  timestamp: 1770939786096
- conda: https://conda.anaconda.org/conda-forge/linux-64/bzip2-1.0.8-hda65f42_9.conda
  sha256: 0b75d45f0bba3e95dc693336fa51f40ea28c980131fec438afb7ce6118ed05f6
  md5: d2ffd7602c02f2b316fd921d39876885
  depends:
  - __glibc >=2.17,<3.0.a0
  - libgcc >=14
  license: bzip2-1.0.6
  license_family: BSD
  run_exports:
    weak:
    - bzip2 >=1.0.8,<2.0a0
  size: 260182
  timestamp: 1771350215188
- conda: https://conda.anaconda.org/conda-forge/linux-64/ld_impl_linux-64-2.45.1-default_hbd61a6d_102.conda
  sha256: 3d584956604909ff5df353767f3a2a2f60e07d070b328d109f30ac40cd62df6c
  md5: 18335a698559cdbcd86150a48bf54ba6
  depends:
  - __glibc >=2.17,<3.0.a0
  - zstd >=1.5.7,<1.6.0a0
  constrains:
  - binutils_impl_linux-64 2.45.1
  license: GPL-3.0-only
  license_family: GPL
  run_exports: {}
  size: 728002
  timestamp: 1774197446916
- conda: https://conda.anaconda.org/conda-forge/linux-64/libexpat-2.8.1-hecca717_1.conda
  sha256: 16feffd9ddbbe5b718515d38ee376c685ba95491cd901244e24671d20b952a77
  md5: b24d3c612f71e7aa74158d92106318b2
  depends:
  - __glibc >=2.17,<3.0.a0
  - libgcc >=14
  constrains:
  - expat 2.8.1.*
  license: MIT
  license_family: MIT
  run_exports: {}
  size: 77856
  timestamp: 1781203599810
- conda: https://conda.anaconda.org/conda-forge/linux-64/libffi-3.5.2-h3435931_0.conda
  sha256: 31f19b6a88ce40ebc0d5a992c131f57d919f73c0b92cd1617a5bec83f6e961e6
  md5: a360c33a5abe61c07959e449fa1453eb
  depends:
  - __glibc >=2.17,<3.0.a0
  - libgcc >=14
  license: MIT
  license_family: MIT
  run_exports:
    weak:
    - libffi >=3.5.2,<3.6.0a0
  size: 58592
  timestamp: 1769456073053
- conda: https://conda.anaconda.org/conda-forge/linux-64/libgcc-15.2.0-he0feb66_19.conda
  sha256: 8e0a3b5e41272e5678499b5dfc4cddb673f9e935de01eb0767ce857001229f46
  md5: 57736f29cc2b0ec0b6c2952d3f101b6a
  depends:
  - __glibc >=2.17,<3.0.a0
  - _openmp_mutex >=4.5
  constrains:
  - libgcc-ng ==15.2.0=*_19
  - libgomp 15.2.0 he0feb66_19
  license: GPL-3.0-only WITH GCC-exception-3.1
  license_family: GPL
  run_exports: {}
  size: 1041084
  timestamp: 1778269013026
- conda: https://conda.anaconda.org/conda-forge/linux-64/libgcc-ng-15.2.0-h69a702a_19.conda
  sha256: 9dcf54adfaa5e861123c2da4f2f0451a685464ea7e5a41ad91cf67b31d658d98
  md5: 331ee9b72b9dff570d56b1302c5ab37d
  depends:
  - libgcc 15.2.0 he0feb66_19
  license: GPL-3.0-only WITH GCC-exception-3.1
  license_family: GPL
  run_exports:
    strong:
    - libgcc
  size: 27694
  timestamp: 1778269016987
- conda: https://conda.anaconda.org/conda-forge/linux-64/libgomp-15.2.0-he0feb66_19.conda
  sha256: 5abe4ab9d93f6c9757d654f1969ae2267d4505315c1f2f8fe705fd60af084f1b
  md5: faac990cb7aedc7f3a2224f2c9b0c26c
  depends:
  - __glibc >=2.17,<3.0.a0
  license: GPL-3.0-only WITH GCC-exception-3.1
  license_family: GPL
  run_exports:
    strong:
    - _openmp_mutex >=4.5
  size: 603817
  timestamp: 1778268942614
- conda: https://conda.anaconda.org/conda-forge/linux-64/liblzma-5.8.3-hb03c661_0.conda
  sha256: ec30e52a3c1bf7d0425380a189d209a52baa03f22fb66dd3eb587acaa765bd6d
  md5: b88d90cad08e6bc8ad540cb310a761fb
  depends:
  - __glibc >=2.17,<3.0.a0
  - libgcc >=14
  constrains:
  - xz 5.8.3.*
  license: 0BSD
  run_exports:
    weak:
    - liblzma >=5.8.3,<6.0a0
  size: 113478
  timestamp: 1775825492909
- conda: https://conda.anaconda.org/conda-forge/linux-64/libnsl-2.0.1-hb9d3cd8_1.conda
  sha256: 927fe72b054277cde6cb82597d0fcf6baf127dcbce2e0a9d8925a68f1265eef5
  md5: d864d34357c3b65a4b731f78c0801dc4
  depends:
  - __glibc >=2.17,<3.0.a0
  - libgcc >=13
  license: LGPL-2.1-only
  license_family: GPL
  run_exports:
    weak:
    - libnsl >=2.0.1,<2.1.0a0
  size: 33731
  timestamp: 1750274110928
- conda: https://conda.anaconda.org/conda-forge/linux-64/libsqlite-3.53.2-h0c1763c_0.conda
  sha256: 1ab603b6ec93933e76027e1f23b21b22b858ba1b56f1e1695ef6fe5e80cb7358
  md5: 062b0ac602fb0adf250e3dfa86f221c4
  depends:
  - __glibc >=2.17,<3.0.a0
  - libgcc >=14
  - libzlib >=1.3.2,<2.0a0
  license: blessing
  run_exports:
    weak:
    - libsqlite >=3.53.2,<4.0a0
  size: 957849
  timestamp: 1780574429573
- conda: https://conda.anaconda.org/conda-forge/linux-64/libuuid-2.42.2-h5347b49_0.conda
  sha256: 9b1bdce27a7e31f7d241aeecff67a1f3101d52a2b1e33ccc2cdf2613072bf81f
  md5: 01bb81d12c957de066ea7362007df642
  depends:
  - libgcc >=14
  - __glibc >=2.17,<3.0.a0
  license: BSD-3-Clause
  license_family: BSD
  run_exports:
    weak:
    - libuuid >=2.42.2,<3.0a0
  size: 40017
  timestamp: 1781625522462
- conda: https://conda.anaconda.org/conda-forge/linux-64/libxcrypt-4.4.36-hd590300_1.conda
  sha256: 6ae68e0b86423ef188196fff6207ed0c8195dd84273cb5623b85aa08033a410c
  md5: 5aa797f8787fe7a17d1b0821485b5adc
  depends:
  - libgcc-ng >=12
  license: LGPL-2.1-or-later
  run_exports:
    weak:
    - libxcrypt >=4.4.36
  size: 100393
  timestamp: 1702724383534
- conda: https://conda.anaconda.org/conda-forge/linux-64/libzlib-1.3.2-h25fd6f3_2.conda
  sha256: 55044c403570f0dc26e6364de4dc5368e5f3fc7ff103e867c487e2b5ab2bcda9
  md5: d87ff7921124eccd67248aa483c23fec
  depends:
  - __glibc >=2.17,<3.0.a0
  constrains:
  - zlib 1.3.2 *_2
  license: Zlib
  license_family: Other
  run_exports:
    weak:
    - libzlib >=1.3.2,<2.0a0
  size: 63629
  timestamp: 1774072609062
- conda: https://conda.anaconda.org/conda-forge/linux-64/ncurses-6.6-hdb14827_0.conda
  sha256: fc89f74bbe362fb29fa3c037697a89bec140b346a2469a90f7936d1d7ea4d8a3
  md5: fc21868a1a5aacc937e7a18747acb8a5
  depends:
  - __glibc >=2.17,<3.0.a0
  - libgcc >=14
  license: X11 AND BSD-3-Clause
  run_exports:
    weak:
    - ncurses >=6.6,<7.0a0
  size: 918956
  timestamp: 1777422145199
- conda: https://conda.anaconda.org/conda-forge/linux-64/openssl-3.6.3-h35e630c_0.conda
  sha256: d48f5c22b9897c01e4dff3680f1f57ceb02711ab9c62f74339b080419dfad34b
  md5: 79dd2074b5cd5c5c6b2930514a11e22d
  depends:
  - __glibc >=2.17,<3.0.a0
  - ca-certificates
  - libgcc >=14
  license: Apache-2.0
  license_family: Apache
  run_exports:
    weak:
    - openssl >=3.6.3,<4.0a0
  size: 3159683
  timestamp: 1781069855778
- conda: https://conda.anaconda.org/conda-forge/linux-64/python-3.10.20-h267e890_1_cpython.conda
  build_number: 1
  sha256: c15d8585b7a52fdb734bd16dbdcae4b81ed59268862d3a2588eb8ed69c8cbc52
  md5: c5eace1c2d8dae0bb08c094617ea8cc7
  depends:
  - __glibc >=2.17,<3.0.a0
  - bzip2 >=1.0.8,<2.0a0
  - ld_impl_linux-64 >=2.36.1
  - libexpat >=2.8.1,<3.0a0
  - libffi >=3.4,<4.0a0
  - libgcc >=14
  - liblzma >=5.8.3,<6.0a0
  - libnsl >=2.0.1,<2.1.0a0
  - libsqlite >=3.53.2,<4.0a0
  - libuuid >=2.42.1,<3.0a0
  - libxcrypt >=4.4.36
  - libzlib >=1.3.2,<2.0a0
  - ncurses >=6.6,<7.0a0
  - openssl >=3.5.7,<4.0a0
  - readline >=8.3,<9.0a0
  - tk >=8.6.13,<8.7.0a0
  - tzdata
  constrains:
  - python_abi 3.10.* *_cp310
  license: Python-2.0
  run_exports:
    weak:
    - python_abi 3.10.* *_cp310
    noarch:
    - python
  size: 25403213
  timestamp: 1781149348162
- conda: https://conda.anaconda.org/conda-forge/linux-64/readline-8.3-h853b02a_0.conda
  sha256: 12ffde5a6f958e285aa22c191ca01bbd3d6e710aa852e00618fa6ddc59149002
  md5: d7d95fc8287ea7bf33e0e7116d2b95ec
  depends:
  - __glibc >=2.17,<3.0.a0
  - libgcc >=14
  - ncurses >=6.5,<7.0a0
  license: GPL-3.0-only
  license_family: GPL
  run_exports:
    weak:
    - readline >=8.3,<9.0a0
  size: 345073
  timestamp: 1765813471974
- conda: https://conda.anaconda.org/conda-forge/linux-64/tk-8.6.13-noxft_h366c992_103.conda
  sha256: cafeec44494f842ffeca27e9c8b0c27ed714f93ac77ddadc6aaf726b5554ebac
  md5: cffd3bdd58090148f4cfcd831f4b26ab
  depends:
  - __glibc >=2.17,<3.0.a0
  - libgcc >=14
  - libzlib >=1.3.1,<2.0a0
  constrains:
  - xorg-libx11 >=1.8.12,<2.0a0
  license: TCL
  license_family: BSD
  run_exports:
    weak:
    - tk >=8.6.13,<8.7.0a0
  size: 3301196
  timestamp: 1769460227866
- conda: https://conda.anaconda.org/conda-forge/linux-64/zstd-1.5.7-hb78ec9c_6.conda
  sha256: 68f0206ca6e98fea941e5717cec780ed2873ffabc0e1ed34428c061e2c6268c7
  md5: 4a13eeac0b5c8e5b8ab496e6c4ddd829
  depends:
  - __glibc >=2.17,<3.0.a0
  - libzlib >=1.3.1,<2.0a0
  license: BSD-3-Clause
  license_family: BSD
  run_exports:
    weak:
    - zstd >=1.5.7,<1.6.0a0
  size: 601375
  timestamp: 1764777111296
- conda: https://conda.anaconda.org/conda-forge/noarch/ca-certificates-2026.6.17-hbd8a1cb_0.conda
  sha256: f8e3c730fa14ee3f170493779f06522c4acf89169f43db4f039727709b6419cf
  md5: a9965dd99f683c5f444428f896635716
  depends:
  - __unix
  license: ISC
  run_exports: {}
  size: 128866
  timestamp: 1781708962055
- conda: https://conda.anaconda.org/conda-forge/noarch/packaging-26.2-pyhc364b38_0.conda
  sha256: 3906abfb6511a3bb309e39b9b1b7bc38f50a723971de2395489fd1f379255890
  md5: 4c06a92e74452cfa53623a81592e8934
  depends:
  - python >=3.8
  - python
  license: Apache-2.0
  license_family: APACHE
  run_exports: {}
  size: 91574
  timestamp: 1777103621679
- conda: https://conda.anaconda.org/conda-forge/noarch/pip-26.1.2-pyh8b19718_0.conda
  sha256: 29b7d75bf81ad11645a8e320b369abdc90a92b93f2a9178e853d9dddf82e5106
  md5: 511fbc2c63d2c73650ad1755e4d357ba
  depends:
  - python >=3.10,<3.13.0a0
  - setuptools
  - wheel
  license: MIT
  license_family: MIT
  run_exports: {}
  size: 1203173
  timestamp: 1780262795392
- conda: https://conda.anaconda.org/conda-forge/noarch/setuptools-82.0.1-pyh332efcf_0.conda
  sha256: 82088a6e4daa33329a30bc26dc19a98c7c1d3f05c0f73ce9845d4eab4924e9e1
  md5: 8e194e7b992f99a5015edbd4ebd38efd
  depends:
  - python >=3.10
  license: MIT
  license_family: MIT
  run_exports: {}
  size: 639697
  timestamp: 1773074868565
- conda: https://conda.anaconda.org/conda-forge/noarch/tzdata-2025c-hc9c84f9_1.conda
  sha256: 1d30098909076af33a35017eed6f2953af1c769e273a0626a04722ac4acaba3c
  md5: ad659d0a2b3e47e38d829aa8cad2d610
  license: LicenseRef-Public-Domain
  run_exports: {}
  size: 119135
  timestamp: 1767016325805
- conda: https://conda.anaconda.org/conda-forge/noarch/wheel-0.47.0-pyhd8ed1ab_0.conda
  sha256: 9e156ffaefb8463437144326ada4b85d1de17961b9997ac5f1cbbaf747bd8bed
  md5: d0e3b2f0030cf4fca58bde71d246e94c
  depends:
  - packaging >=24.0
  - python >=3.10
  license: MIT
  license_family: MIT
  run_exports: {}
  size: 33491
  timestamp: 1776878563806
